// !$*UTF8*$!
{
	archiveVersion = 1;
	classes = {
	};
	objectVersion = 56;
	objects = {

/* Begin PBXBuildFile section */
		EC2CF7EF2BE4C5CB0071D883 /* AppDelegate.swift in Sources */ = {isa = PBXBuildFile; fileRef = EC2CF7EE2BE4C5CB0071D883 /* AppDelegate.swift */; };
		EC2CF7F12BE4C5CB0071D883 /* SceneDelegate.swift in Sources */ = {isa = PBXBuildFile; fileRef = EC2CF7F02BE4C5CB0071D883 /* SceneDelegate.swift */; };
		EC2CF7F62BE4C5CB0071D883 /* Main.storyboard in Resources */ = {isa = PBXBuildFile; fileRef = EC2CF7F42BE4C5CB0071D883 /* Main.storyboard */; };
		EC2CF7F82BE4C5CE0071D883 /* Assets.xcassets in Resources */ = {isa = PBXBuildFile; fileRef = EC2CF7F72BE4C5CE0071D883 /* Assets.xcassets */; };
		EC2CF7FB2BE4C5CE0071D883 /* LaunchScreen.storyboard in Resources */ = {isa = PBXBuildFile; fileRef = EC2CF7F92BE4C5CE0071D883 /* LaunchScreen.storyboard */; };
		EC2CF8042BE4C8EB0071D883 /* APIEndpoints.swift in Sources */ = {isa = PBXBuildFile; fileRef = EC2CF8032BE4C8EB0071D883 /* APIEndpoints.swift */; };
		EC2CF8062BE4C9010071D883 /* APIError.swift in Sources */ = {isa = PBXBuildFile; fileRef = EC2CF8052BE4C9010071D883 /* APIError.swift */; };
		EC2CF8082BE4C9190071D883 /* APIManager.swift in Sources */ = {isa = PBXBuildFile; fileRef = EC2CF8072BE4C9190071D883 /* APIManager.swift */; };
		EC2CF80B2BE4C99E0071D883 /* Post.swift in Sources */ = {isa = PBXBuildFile; fileRef = EC2CF80A2BE4C99E0071D883 /* Post.swift */; };
		EC2CF80E2BE4D1C70071D883 /* PostsViewController.swift in Sources */ = {isa = PBXBuildFile; fileRef = EC2CF80D2BE4D1C70071D883 /* PostsViewController.swift */; };
		EC2CF8112BE4E9FA0071D883 /* PostTableViewCell.swift in Sources */ = {isa = PBXBuildFile; fileRef = EC2CF8102BE4E9FA0071D883 /* PostTableViewCell.swift */; };
		EC2CF8152BE519620071D883 /* PostDetailViewController.swift in Sources */ = {isa = PBXBuildFile; fileRef = EC2CF8142BE519620071D883 /* PostDetailViewController.swift */; };
/* End PBXBuildFile section */

/* Begin PBXFileReference section */
		EC2CF7EB2BE4C5CB0071D883 /* AssessmentTechiebutler.app */ = {isa = PBXFileReference; explicitFileType = wrapper.application; includeInIndex = 0; path = AssessmentTechiebutler.app; sourceTree = BUILT_PRODUCTS_DIR; };
		EC2CF7EE2BE4C5CB0071D883 /* AppDelegate.swift */ = {isa = PBXFileReference; lastKnownFileType = sourcecode.swift; path = AppDelegate.swift; sourceTree = "<group>"; };
		EC2CF7F02BE4C5CB0071D883 /* SceneDelegate.swift */ = {isa = PBXFileReference; lastKnownFileType = sourcecode.swift; path = SceneDelegate.swift; sourceTree = "<group>"; };
		EC2CF7F52BE4C5CB0071D883 /* Base */ = {isa = PBXFileReference; lastKnownFileType = file.storyboard; name = Base; path = Base.lproj/Main.storyboard; sourceTree = "<group>"; };
		EC2CF7F72BE4C5CE0071D883 /* Assets.xcassets */ = {isa = PBXFileReference; lastKnownFileType = folder.assetcatalog; path = Assets.xcassets; sourceTree = "<group>"; };
		EC2CF7FA2BE4C5CE0071D883 /* Base */ = {isa = PBXFileReference; lastKnownFileType = file.storyboard; name = Base; path = Base.lproj/LaunchScreen.storyboard; sourceTree = "<group>"; };
		EC2CF7FC2BE4C5CE0071D883 /* Info.plist */ = {isa = PBXFileReference; lastKnownFileType = text.plist.xml; path = Info.plist; sourceTree = "<group>"; };
		EC2CF8032BE4C8EB0071D883 /* APIEndpoints.swift */ = {isa = PBXFileReference; lastKnownFileType = sourcecode.swift; path = APIEndpoints.swift; sourceTree = "<group>"; };
		EC2CF8052BE4C9010071D883 /* APIError.swift */ = {isa = PBXFileReference; lastKnownFileType = sourcecode.swift; path = APIError.swift; sourceTree = "<group>"; };
		EC2CF8072BE4C9190071D883 /* APIManager.swift */ = {isa = PBXFileReference; lastKnownFileType = sourcecode.swift; path = APIManager.swift; sourceTree = "<group>"; };
		EC2CF80A2BE4C99E0071D883 /* Post.swift */ = {isa = PBXFileReference; lastKnownFileType = sourcecode.swift; path = Post.swift; sourceTree = "<group>"; };
		EC2CF80D2BE4D1C70071D883 /* PostsViewController.swift */ = {isa = PBXFileReference; lastKnownFileType = sourcecode.swift; path = PostsViewController.swift; sourceTree = "<group>"; };
		EC2CF8102BE4E9FA0071D883 /* PostTableViewCell.swift */ = {isa = PBXFileReference; lastKnownFileType = sourcecode.swift; path = PostTableViewCell.swift; sourceTree = "<group>"; };
		EC2CF8142BE519620071D883 /* PostDetailViewController.swift */ = {isa = PBXFileReference; lastKnownFileType = sourcecode.swift; path = PostDetailViewController.swift; sourceTree = "<group>"; };
/* End PBXFileReference section */

/* Begin PBXFrameworksBuildPhase section */
		EC2CF7E82BE4C5CB0071D883 /* Frameworks */ = {
			isa = PBXFrameworksBuildPhase;
			buildActionMask = 2147483647;
			files = (
			);
			runOnlyForDeploymentPostprocessing = 0;
		};
/* End PBXFrameworksBuildPhase section */

/* Begin PBXGroup section */
		EC2CF7E22BE4C5CB0071D883 = {
			isa = PBXGroup;
			children = (
				EC2CF7ED2BE4C5CB0071D883 /* AssessmentTechiebutler */,
				EC2CF7EC2BE4C5CB0071D883 /* Products */,
			);
			sourceTree = "<group>";
		};
		EC2CF7EC2BE4C5CB0071D883 /* Products */ = {
			isa = PBXGroup;
			children = (
				EC2CF7EB2BE4C5CB0071D883 /* AssessmentTechiebutler.app */,
			);
			name = Products;
			sourceTree = "<group>";
		};
		EC2CF7ED2BE4C5CB0071D883 /* AssessmentTechiebutler */ = {
			isa = PBXGroup;
			children = (
				EC2CF8092BE4C97B0071D883 /* Models */,
				EC2CF80F2BE4E9DA0071D883 /* View */,
				EC2CF80C2BE4D1B60071D883 /* ViewControllers */,
				EC2CF7EE2BE4C5CB0071D883 /* AppDelegate.swift */,
				EC2CF7F02BE4C5CB0071D883 /* SceneDelegate.swift */,
				EC2CF8022BE4C6110071D883 /* Service */,
				EC2CF7F42BE4C5CB0071D883 /* Main.storyboard */,
				EC2CF7F72BE4C5CE0071D883 /* Assets.xcassets */,
				EC2CF7F92BE4C5CE0071D883 /* LaunchScreen.storyboard */,
				EC2CF7FC2BE4C5CE0071D883 /* Info.plist */,
			);
			path = AssessmentTechiebutler;
			sourceTree = "<group>";
		};
		EC2CF8022BE4C6110071D883 /* Service */ = {
			isa = PBXGroup;
			children = (
				EC2CF8032BE4C8EB0071D883 /* APIEndpoints.swift */,
				EC2CF8052BE4C9010071D883 /* APIError.swift */,
				EC2CF8072BE4C9190071D883 /* APIManager.swift */,
			);
			path = Service;
			sourceTree = "<group>";
		};
		EC2CF8092BE4C97B0071D883 /* Models */ = {
			isa = PBXGroup;
			children = (
				EC2CF80A2BE4C99E0071D883 /* Post.swift */,
			);
			path = Models;
			sourceTree = "<group>";
		};
		EC2CF80C2BE4D1B60071D883 /* ViewControllers */ = {
			isa = PBXGroup;
			children = (
				EC2CF80D2BE4D1C70071D883 /* PostsViewController.swift */,
				EC2CF8142BE519620071D883 /* PostDetailViewController.swift */,
			);
			path = ViewControllers;
			sourceTree = "<group>";
		};
		EC2CF80F2BE4E9DA0071D883 /* View */ = {
			isa = PBXGroup;
			children = (
				EC2CF8102BE4E9FA0071D883 /* PostTableViewCell.swift */,
			);
			path = View;
			sourceTree = "<group>";
		};
/* End PBXGroup section */

/* Begin PBXNativeTarget section */
		EC2CF7EA2BE4C5CB0071D883 /* AssessmentTechiebutler */ = {
			isa = PBXNativeTarget;
			buildConfigurationList = EC2CF7FF2BE4C5CE0071D883 /* Build configuration list for PBXNativeTarget "AssessmentTechiebutler" */;
			buildPhases = (
				EC2CF7E72BE4C5CB0071D883 /* Sources */,
				EC2CF7E82BE4C5CB0071D883 /* Frameworks */,
				EC2CF7E92BE4C5CB0071D883 /* Resources */,
			);
			buildRules = (
			);
			dependencies = (
			);
			name = AssessmentTechiebutler;
			productName = AssessmentTechiebutler;
			productReference = EC2CF7EB2BE4C5CB0071D883 /* AssessmentTechiebutler.app */;
			productType = "com.apple.product-type.application";
		};
/* End PBXNativeTarget section */

/* Begin PBXProject section */
		EC2CF7E32BE4C5CB0071D883 /* Project object */ = {
			isa = PBXProject;
			attributes = {
				BuildIndependentTargetsInParallel = 1;
				LastSwiftUpdateCheck = 1500;
				LastUpgradeCheck = 1500;
				TargetAttributes = {
					EC2CF7EA2BE4C5CB0071D883 = {
						CreatedOnToolsVersion = 15.0;
					};
				};
			};
			buildConfigurationList = EC2CF7E62BE4C5CB0071D883 /* Build configuration list for PBXProject "AssessmentTechiebutler" */;
			compatibilityVersion = "Xcode 14.0";
			developmentRegion = en;
			hasScannedForEncodings = 0;
			knownRegions = (
				en,
				Base,
			);
			mainGroup = EC2CF7E22BE4C5CB0071D883;
			productRefGroup = EC2CF7EC2BE4C5CB0071D883 /* Products */;
			projectDirPath = "";
			projectRoot = "";
			targets = (
				EC2CF7EA2BE4C5CB0071D883 /* AssessmentTechiebutler */,
			);
		};
/* End PBXProject section */

/* Begin PBXResourcesBuildPhase section */
		EC2CF7E92BE4C5CB0071D883 /* Resources */ = {
			isa = PBXResourcesBuildPhase;
			buildActionMask = 2147483647;
			files = (
				EC2CF7FB2BE4C5CE0071D883 /* LaunchScreen.storyboard in Resources */,
				EC2CF7F82BE4C5CE0071D883 /* Assets.xcassets in Resources */,
				EC2CF7F62BE4C5CB0071D883 /* Main.storyboard in Resources */,
			);
			runOnlyForDeploymentPostprocessing = 0;
		};
/* End PBXResourcesBuildPhase section */

/* Begin PBXSourcesBuildPhase section */
		EC2CF7E72BE4C5CB0071D883 /* Sources */ = {
			isa = PBXSourcesBuildPhase;
			buildActionMask = 2147483647;
			files = (
				EC2CF8082BE4C9190071D883 /* APIManager.swift in Sources */,
				EC2CF7EF2BE4C5CB0071D883 /* AppDelegate.swift in Sources */,
				EC2CF7F12BE4C5CB0071D883 /* SceneDelegate.swift in Sources */,
				EC2CF8112BE4E9FA0071D883 /* PostTableViewCell.swift in Sources */,
				EC2CF8152BE519620071D883 /* PostDetailViewController.swift in Sources */,
				EC2CF80E2BE4D1C70071D883 /* PostsViewController.swift in Sources */,
				EC2CF8062BE4C9010071D883 /* APIError.swift in Sources */,
				EC2CF80B2BE4C99E0071D883 /* Post.swift in Sources */,
				EC2CF8042BE4C8EB0071D883 /* APIEndpoints.swift in Sources */,
			);
			runOnlyForDeploymentPostprocessing = 0;
		};
/* End PBXSourcesBuildPhase section */

/* Begin PBXVariantGroup section */
		EC2CF7F42BE4C5CB0071D883 /* Main.storyboard */ = {
			isa = PBXVariantGroup;
			children = (
				EC2CF7F52BE4C5CB0071D883 /* Base */,
			);
			name = Main.storyboard;
			sourceTree = "<group>";
		};
		EC2CF7F92BE4C5CE0071D883 /* LaunchScreen.storyboard */ = {
			isa = PBXVariantGroup;
			children = (
				EC2CF7FA2BE4C5CE0071D883 /* Base */,
			);
			name = LaunchScreen.storyboard;
			sourceTree = "<group>";
		};
/* End PBXVariantGroup section */

/* Begin XCBuildConfiguration section */
		EC2CF7FD2BE4C5CE0071D883 /* Debug */ = {
			isa = XCBuildConfiguration;
			buildSettings = {
				ALWAYS_SEARCH_USER_PATHS = NO;
				ASSETCATALOG_COMPILER_GENERATE_SWIFT_ASSET_SYMBOL_EXTENSIONS = YES;
				CLANG_ANALYZER_NONNULL = YES;
				CLANG_ANALYZER_NUMBER_OBJECT_CONVERSION = YES_AGGRESSIVE;
				CLANG_CXX_LANGUAGE_STANDARD = "gnu++20";
				CLANG_ENABLE_MODULES = YES;
				CLANG_ENABLE_OBJC_ARC = YES;
				CLANG_ENABLE_OBJC_WEAK = YES;
				CLANG_WARN_BLOCK_CAPTURE_AUTORELEASING = YES;
				CLANG_WARN_BOOL_CONVERSION = YES;
				CLANG_WARN_COMMA = YES;
				CLANG_WARN_CONSTANT_CONVERSION = YES;
				CLANG_WARN_DEPRECATED_OBJC_IMPLEMENTATIONS = YES;
				CLANG_WARN_DIRECT_OBJC_ISA_USAGE = YES_ERROR;
				CLANG_WARN_DOCUMENTATION_COMMENTS = YES;
				CLANG_WARN_EMPTY_BODY = YES;
				CLANG_WARN_ENUM_CONVERSION = YES;
				CLANG_WARN_INFINITE_RECURSION = YES;
				CLANG_WARN_INT_CONVERSION = YES;
				CLANG_WARN_NON_LITERAL_NULL_CONVERSION = YES;
				CLANG_WARN_OBJC_IMPLICIT_RETAIN_SELF = YES;
				CLANG_WARN_OBJC_LITERAL_CONVERSION = YES;
				CLANG_WARN_OBJC_ROOT_CLASS = YES_ERROR;
				CLANG_WARN_QUOTED_INCLUDE_IN_FRAMEWORK_HEADER = YES;
				CLANG_WARN_RANGE_LOOP_ANALYSIS = YES;
				CLANG_WARN_STRICT_PROTOTYPES = YES;
				CLANG_WARN_SUSPICIOUS_MOVE = YES;
				CLANG_WARN_UNGUARDED_AVAILABILITY = YES_AGGRESSIVE;
				CLANG_WARN_UNREACHABLE_CODE = YES;
				CLANG_WARN__DUPLICATE_METHOD_MATCH = YES;
				COPY_PHASE_STRIP = NO;
				DEBUG_INFORMATION_FORMAT = dwarf;
				ENABLE_STRICT_OBJC_MSGSEND = YES;
				ENABLE_TESTABILITY = YES;
				ENABLE_USER_SCRIPT_SANDBOXING = YES;
				GCC_C_LANGUAGE_STANDARD = gnu17;
				GCC_DYNAMIC_NO_PIC = NO;
				GCC_NO_COMMON_BLOCKS = YES;
				GCC_OPTIMIZATION_LEVEL = 0;
				GCC_PREPROCESSOR_DEFINITIONS = (
					"DEBUG=1",
					"$(inherited)",
				);
				GCC_WARN_64_TO_32_BIT_CONVERSION = YES;
				GCC_WARN_ABOUT_RETURN_TYPE = YES_ERROR;
				GCC_WARN_UNDECLARED_SELECTOR = YES;
				GCC_WARN_UNINITIALIZED_AUTOS = YES_AGGRESSIVE;
				GCC_WARN_UNUSED_FUNCTION = YES;
				GCC_WARN_UNUSED_VARIABLE = YES;
				IPHONEOS_DEPLOYMENT_TARGET = 17.0;
				LOCALIZATION_PREFERS_STRING_CATALOGS = YES;
				MTL_ENABLE_DEBUG_INFO = INCLUDE_SOURCE;
				MTL_FAST_MATH = YES;
				ONLY_ACTIVE_ARCH = YES;
				SDKROOT = iphoneos;
				SWIFT_ACTIVE_COMPILATION_CONDITIONS = "DEBUG $(inherited)";
				SWIFT_OPTIMIZATION_LEVEL = "-Onone";
			};
			name = Debug;
		};
		EC2CF7FE2BE4C5CE0071D883 /* Release */ = {
			isa = XCBuildConfiguration;
			buildSettings = {
				ALWAYS_SEARCH_USER_PATHS = NO;
				ASSETCATALOG_COMPILER_GENERATE_SWIFT_ASSET_SYMBOL_EXTENSIONS = YES;
				CLANG_ANALYZER_NONNULL = YES;
				CLANG_ANALYZER_NUMBER_OBJECT_CONVERSION = YES_AGGRESSIVE;
				CLANG_CXX_LANGUAGE_STANDARD = "gnu++20";
				CLANG_ENABLE_MODULES = YES;
				CLANG_ENABLE_OBJC_ARC = YES;
				CLANG_ENABLE_OBJC_WEAK = YES;
				CLANG_WARN_BLOCK_CAPTURE_AUTORELEASING = YES;
				CLANG_WARN_BOOL_CONVERSION = YES;
				CLANG_WARN_COMMA = YES;
				CLANG_WARN_CONSTANT_CONVERSION = YES;
				CLANG_WARN_DEPRECATED_OBJC_IMPLEMENTATIONS = YES;
				CLANG_WARN_DIRECT_OBJC_ISA_USAGE = YES_ERROR;
				CLANG_WARN_DOCUMENTATION_COMMENTS = YES;
				CLANG_WARN_EMPTY_BODY = YES;
				CLANG_WARN_ENUM_CONVERSION = YES;
				CLANG_WARN_INFINITE_RECURSION = YES;
				CLANG_WARN_INT_CONVERSION = YES;
				CLANG_WARN_NON_LITERAL_NULL_CONVERSION = YES;
				CLANG_WARN_OBJC_IMPLICIT_RETAIN_SELF = YES;
				CLANG_WARN_OBJC_LITERAL_CONVERSION = YES;
				CLANG_WARN_OBJC_ROOT_CLASS = YES_ERROR;
				CLANG_WARN_QUOTED_INCLUDE_IN_FRAMEWORK_HEADER = YES;
				CLANG_WARN_RANGE_LOOP_ANALYSIS = YES;
				CLANG_WARN_STRICT_PROTOTYPES = YES;
				CLANG_WARN_SUSPICIOUS_MOVE = YES;
				CLANG_WARN_UNGUARDED_AVAILABILITY = YES_AGGRESSIVE;
				CLANG_WARN_UNREACHABLE_CODE = YES;
				CLANG_WARN__DUPLICATE_METHOD_MATCH = YES;
				COPY_PHASE_STRIP = NO;
				DEBUG_INFORMATION_FORMAT = "dwarf-with-dsym";
				ENABLE_NS_ASSERTIONS = NO;
				ENABLE_STRICT_OBJC_MSGSEND = YES;
				ENABLE_USER_SCRIPT_SANDBOXING = YES;
				GCC_C_LANGUAGE_STANDARD = gnu17;
				GCC_NO_COMMON_BLOCKS = YES;
				GCC_WARN_64_TO_32_BIT_CONVERSION = YES;
				GCC_WARN_ABOUT_RETURN_TYPE = YES_ERROR;
				GCC_WARN_UNDECLARED_SELECTOR = YES;
				GCC_WARN_UNINITIALIZED_AUTOS = YES_AGGRESSIVE;
				GCC_WARN_UNUSED_FUNCTION = YES;
				GCC_WARN_UNUSED_VARIABLE = YES;
				IPHONEOS_DEPLOYMENT_TARGET = 17.0;
				LOCALIZATION_PREFERS_STRING_CATALOGS = YES;
				MTL_ENABLE_DEBUG_INFO = NO;
				MTL_FAST_MATH = YES;
				SDKROOT = iphoneos;
				SWIFT_COMPILATION_MODE = wholemodule;
				VALIDATE_PRODUCT = YES;
			};
			name = Release;
		};
		EC2CF8002BE4C5CE0071D883 /* Debug */ = {
			isa = XCBuildConfiguration;
			buildSettings = {
				ASSETCATALOG_COMPILER_APPICON_NAME = AppIcon;
				ASSETCATALOG_COMPILER_GLOBAL_ACCENT_COLOR_NAME = AccentColor;
				CODE_SIGN_STYLE = Automatic;
				CURRENT_PROJECT_VERSION = 1;
				GENERATE_INFOPLIST_FILE = YES;
				INFOPLIST_FILE = AssessmentTechiebutler/Info.plist;
				INFOPLIST_KEY_UIApplicationSupportsIndirectInputEvents = YES;
				INFOPLIST_KEY_UILaunchStoryboardName = LaunchScreen;
				INFOPLIST_KEY_UIMainStoryboardFile = Main;
				INFOPLIST_KEY_UISupportedInterfaceOrientations_iPad = "UIInterfaceOrientationPortrait UIInterfaceOrientationPortraitUpsideDown UIInterfaceOrientationLandscapeLeft UIInterfaceOrientationLandscapeRight";
				INFOPLIST_KEY_UISupportedInterfaceOrientations_iPhone = "UIInterfaceOrientationPortrait UIInterfaceOrientationLandscapeLeft UIInterfaceOrientationLandscapeRight";
				LD_RUNPATH_SEARCH_PATHS = (
					"$(inherited)",
					"@executable_path/Frameworks",
				);
				MARKETING_VERSION = 1.0;
				PRODUCT_BUNDLE_IDENTIFIER = bunty.AssessmentTechiebutler;
				PRODUCT_NAME = "$(TARGET_NAME)";
				SWIFT_EMIT_LOC_STRINGS = YES;
				SWIFT_VERSION = 5.0;
				TARGETED_DEVICE_FAMILY = "1,2";
			};
			name = Debug;
		};
		EC2CF8012BE4C5CE0071D883 /* Release */ = {
			isa = XCBuildConfiguration;
			buildSettings = {
				ASSETCATALOG_COMPILER_APPICON_NAME = AppIcon;
				ASSETCATALOG_COMPILER_GLOBAL_ACCENT_COLOR_NAME = AccentColor;
				CODE_SIGN_STYLE = Automatic;
				CURRENT_PROJECT_VERSION = 1;
				GENERATE_INFOPLIST_FILE = YES;
				INFOPLIST_FILE = AssessmentTechiebutler/Info.plist;
				INFOPLIST_KEY_UIApplicationSupportsIndirectInputEvents = YES;
				INFOPLIST_KEY_UILaunchStoryboardName = LaunchScreen;
				INFOPLIST_KEY_UIMainStoryboardFile = Main;
				INFOPLIST_KEY_UISupportedInterfaceOrientations_iPad = "UIInterfaceOrientationPortrait UIInterfaceOrientationPortraitUpsideDown UIInterfaceOrientationLandscapeLeft UIInterfaceOrientationLandscapeRight";
				INFOPLIST_KEY_UISupportedInterfaceOrientations_iPhone = "UIInterfaceOrientationPortrait UIInterfaceOrientationLandscapeLeft UIInterfaceOrientationLandscapeRight";
				LD_RUNPATH_SEARCH_PATHS = (
					"$(inherited)",
					"@executable_path/Frameworks",
				);
				MARKETING_VERSION = 1.0;
				PRODUCT_BUNDLE_IDENTIFIER = bunty.AssessmentTechiebutler;
				PRODUCT_NAME = "$(TARGET_NAME)";
				SWIFT_EMIT_LOC_STRINGS = YES;
				SWIFT_VERSION = 5.0;
				TARGETED_DEVICE_FAMILY = "1,2";
			};
			name = Release;
		};
/* End XCBuildConfiguration section */

/* Begin XCConfigurationList section */
		EC2CF7E62BE4C5CB0071D883 /* Build configuration list for PBXProject "AssessmentTechiebutler" */ = {
			isa = XCConfigurationList;
			buildConfigurations = (
				EC2CF7FD2BE4C5CE0071D883 /* Debug */,
				EC2CF7FE2BE4C5CE0071D883 /* Release */,
			);
			defaultConfigurationIsVisible = 0;
			defaultConfigurationName = Release;
		};
		EC2CF7FF2BE4C5CE0071D883 /* Build configuration list for PBXNativeTarget "AssessmentTechiebutler" */ = {
			isa = XCConfigurationList;
			buildConfigurations = (
				EC2CF8002BE4C5CE0071D883 /* Debug */,
				EC2CF8012BE4C5CE0071D883 /* Release */,
			);
			defaultConfigurationIsVisible = 0;
			defaultConfigurationName = Release;
		};
/* End XCConfigurationList section */
	};
	rootObject = EC2CF7E32BE4C5CB0071D883 /* Project object */;
}
